
Microsoft Visual Studio Solution File, Format Version 12.00
# Visual Studio Version 17
VisualStudioVersion = 17.5.002.0
MinimumVisualStudioVersion = 10.0.40219.1
Project("{9A19103F-16F7-4668-BE54-9A1E7A4F7556}") = "GetStartedApp", "GetStartedApp.csproj", "{31E75BA8-1315-461E-94D2-00D7C522545D}"
EndProject
Project("{9A19103F-16F7-4668-BE54-9A1E7A4F7556}") = "GetStartedApp (1)", "GetStartedApp\GetStartedApp.csproj", "{CA76906D-DB50-470C-AA0A-94ABF3337C6B}"
EndProject
Global
	GlobalSection(SolutionConfigurationPlatforms) = preSolution
		Debug|Any CPU = Debug|Any CPU
		Release|Any CPU = Release|Any CPU
	EndGlobalSection
	GlobalSection(ProjectConfigurationPlatforms) = postSolution
		{31E75BA8-1315-461E-94D2-00D7C522545D}.Debug|Any CPU.ActiveCfg = Debug|Any CPU
		{31E75BA8-1315-461E-94D2-00D7C522545D}.Debug|Any CPU.Build.0 = Debug|Any CPU
		{31E75BA8-1315-461E-94D2-00D7C522545D}.Release|Any CPU.ActiveCfg = Release|Any CPU
		{31E75BA8-1315-461E-94D2-00D7C522545D}.Release|Any CPU.Build.0 = Release|Any CPU
		{CA76906D-DB50-470C-AA0A-94ABF3337C6B}.Debug|Any CPU.ActiveCfg = Debug|Any CPU
		{CA76906D-DB50-470C-AA0A-94ABF3337C6B}.Debug|Any CPU.Build.0 = Debug|Any CPU
		{CA76906D-DB50-470C-AA0A-94ABF3337C6B}.Release|Any CPU.ActiveCfg = Release|Any CPU
		{CA76906D-DB50-470C-AA0A-94ABF3337C6B}.Release|Any CPU.Build.0 = Release|Any CPU
	EndGlobalSection
	GlobalSection(SolutionProperties) = preSolution
		HideSolutionNode = FALSE
	EndGlobalSection
	GlobalSection(ExtensibilityGlobals) = postSolution
		SolutionGuid = {3119B073-F0BB-4A8A-91FF-CA4E726FB3F4}
	EndGlobalSection
EndGlobal
